# This file is generated by running "yarn install" inside your project.
# Manual changes might be lost - proceed with caution!

__metadata:
  version: 8
  cacheKey: 10c0

"@swc/helpers@npm:^0.5.17":
  version: 0.5.21
  resolution: "@swc/helpers@npm:0.5.21"
  dependencies:
    tslib: "npm:^2.8.0"
  checksum: 10c0/692018ec8a9f7ea5ea3fe576fea5af1a782c8bc1752fcb60f949b482fb2521609d1d3710908aebae67086f152e57d231d59b08f4653fd20a2e3e0fa4a34e6322
  languageName: node
  linkType: hard

"@types/node@npm:^22.10.2":
  version: 22.19.17
  resolution: "@types/node@npm:22.19.17"
  dependencies:
    undici-types: "npm:~6.21.0"
  checksum: 10c0/b66c484c0a9f6d88b1ef360b0f487717234ee1a482cb2551ff73d9f3c43a42a777daf4c8a5eee970960728f8fe1f3877d3d8c6ffabcbca74cb401a59db700fa4
  languageName: node
  linkType: hard

"tslib@npm:^2.8.0":
  version: 2.8.1
  resolution: "tslib@npm:2.8.1"
  checksum: 10c0/9c4759110a19c53f992d9aae23aac5ced636e99887b51b9e61def52611732872ff7668757d4e4c61f19691e36f4da981cd9485e869b4a7408d689f6bf1f14e62
  languageName: node
  linkType: hard

"typescript@npm:^5.6.2":
  version: 5.9.3
  resolution: "typescript@npm:5.9.3"
  bin:
    tsc: bin/tsc
    tsserver: bin/tsserver
  checksum: 10c0/6bd7552ce39f97e711db5aa048f6f9995b53f1c52f7d8667c1abdc1700c68a76a308f579cd309ce6b53646deb4e9a1be7c813a93baaf0a28ccd536a30270e1c5
  languageName: node
  linkType: hard

"typescript@patch:typescript@npm%3A^5.6.2#optional!builtin<compat/typescript>":
  version: 5.9.3
  resolution: "typescript@patch:typescript@npm%3A5.9.3#optional!builtin<compat/typescript>::version=5.9.3&hash=5786d5"
  bin:
    tsc: bin/tsc
    tsserver: bin/tsserver
  checksum: 10c0/ad09fdf7a756814dce65bc60c1657b40d44451346858eea230e10f2e95a289d9183b6e32e5c11e95acc0ccc214b4f36289dcad4bf1886b0adb84d711d336a430
  languageName: node
  linkType: hard

"undici-types@npm:~6.21.0":
  version: 6.21.0
  resolution: "undici-types@npm:6.21.0"
  checksum: 10c0/c01ed51829b10aa72fc3ce64b747f8e74ae9b60eafa19a7b46ef624403508a54c526ffab06a14a26b3120d055e1104d7abe7c9017e83ced038ea5cf52f8d5e04
  languageName: node
  linkType: hard

"xdr-visualizer@workspace:.":
  version: 0.0.0-use.local
  resolution: "xdr-visualizer@workspace:."
  dependencies:
    "@swc/helpers": "npm:^0.5.17"
    "@types/node": "npm:^22.10.2"
    typescript: "npm:^5.6.2"
  languageName: unknown
  linkType: soft
